
Microsoft Visual Studio Solution File, Format Version 12.00
# Visual Studio Version 16
VisualStudioVersion = 16.0.29613.14
MinimumVisualStudioVersion = 10.0.40219.1
Project("{FAE04EC0-301F-11D3-BF4B-00C04F79EFBC}") = "MixStudio.Web", "MixStudio\MixStudio.Web.csproj", "{DB746874-0A90-465E-B5A4-FF66522ABC84}"
EndProject
Project("{FAE04EC0-301F-11D3-BF4B-00C04F79EFBC}") = "MixStudio.DataAccess", "MixStudio.DataAccess\MixStudio.DataAccess.csproj", "{0BD41063-C68A-4A46-937B-6CF820E2A714}"
EndProject
Global
	GlobalSection(SolutionConfigurationPlatforms) = preSolution
		Debug|Any CPU = Debug|Any CPU
		Release|Any CPU = Release|Any CPU
	EndGlobalSection
	GlobalSection(ProjectConfigurationPlatforms) = postSolution
		{DB746874-0A90-465E-B5A4-FF66522ABC84}.Debug|Any CPU.ActiveCfg = Debug|Any CPU
		{DB746874-0A90-465E-B5A4-FF66522ABC84}.Debug|Any CPU.Build.0 = Debug|Any CPU
		{DB746874-0A90-465E-B5A4-FF66522ABC84}.Release|Any CPU.ActiveCfg = Release|Any CPU
		{DB746874-0A90-465E-B5A4-FF66522ABC84}.Release|Any CPU.Build.0 = Release|Any CPU
		{0BD41063-C68A-4A46-937B-6CF820E2A714}.Debug|Any CPU.ActiveCfg = Debug|Any CPU
		{0BD41063-C68A-4A46-937B-6CF820E2A714}.Debug|Any CPU.Build.0 = Debug|Any CPU
		{0BD41063-C68A-4A46-937B-6CF820E2A714}.Release|Any CPU.ActiveCfg = Release|Any CPU
		{0BD41063-C68A-4A46-937B-6CF820E2A714}.Release|Any CPU.Build.0 = Release|Any CPU
	EndGlobalSection
	GlobalSection(SolutionProperties) = preSolution
		HideSolutionNode = FALSE
	EndGlobalSection
	GlobalSection(ExtensibilityGlobals) = postSolution
		SolutionGuid = {AF6C9AD2-BC86-40FB-AC29-D39443A67978}
	EndGlobalSection
EndGlobal
